
Microsoft Visual Studio Solution File, Format Version 12.00
# Visual Studio Version 16
VisualStudioVersion = 16.0.30002.166
MinimumVisualStudioVersion = 10.0.40219.1
Project("{FAE04EC0-301F-11D3-BF4B-00C04F79EFBC}") = "SortedSearch", "SortedSearch.csproj", "{C187100E-96BD-43C1-BD83-36A5A200FF5F}"
EndProject
Global
	GlobalSection(SolutionConfigurationPlatforms) = preSolution
		Debug|Any CPU = Debug|Any CPU
		Release|Any CPU = Release|Any CPU
	EndGlobalSection
	GlobalSection(ProjectConfigurationPlatforms) = postSolution
		{C187100E-96BD-43C1-BD83-36A5A200FF5F}.Debug|Any CPU.ActiveCfg = Debug|Any CPU
		{C187100E-96BD-43C1-BD83-36A5A200FF5F}.Debug|Any CPU.Build.0 = Debug|Any CPU
		{C187100E-96BD-43C1-BD83-36A5A200FF5F}.Release|Any CPU.ActiveCfg = Release|Any CPU
		{C187100E-96BD-43C1-BD83-36A5A200FF5F}.Release|Any CPU.Build.0 = Release|Any CPU
	EndGlobalSection
	GlobalSection(SolutionProperties) = preSolution
		HideSolutionNode = FALSE
	EndGlobalSection
	GlobalSection(ExtensibilityGlobals) = postSolution
		SolutionGuid = {F3BAD11B-10CA-4573-90E1-C286259B1E36}
	EndGlobalSection
EndGlobal
